
Microsoft Visual Studio Solution File, Format Version 12.00
# Visual Studio Version 17
VisualStudioVersion = 17.8.34004.107
MinimumVisualStudioVersion = 10.0.40219.1
Project("{9A19103F-16F7-4668-BE54-9A1E7A4F7556}") = "AWS_Credentials_Configurations_Example", "AWS_Credentials_Configurations_Example\AWS_Credentials_Configurations_Example.csproj", "{C492A953-69CB-4BAC-9FCF-D925DD447CD3}"
EndProject
Project("{9A19103F-16F7-4668-BE54-9A1E7A4F7556}") = "AWS_Credentials_Configurations_Example_Lambda", "AWS_Credentials_Configurations_Example_Lambda\AWS_Credentials_Configurations_Example_Lambda.csproj", "{1C53A478-61E7-4DCF-BD5C-CBE37A5FBFBC}"
EndProject
Global
	GlobalSection(SolutionConfigurationPlatforms) = preSolution
		Debug|Any CPU = Debug|Any CPU
		Release|Any CPU = Release|Any CPU
	EndGlobalSection
	GlobalSection(ProjectConfigurationPlatforms) = postSolution
		{C492A953-69CB-4BAC-9FCF-D925DD447CD3}.Debug|Any CPU.ActiveCfg = Debug|Any CPU
		{C492A953-69CB-4BAC-9FCF-D925DD447CD3}.Debug|Any CPU.Build.0 = Debug|Any CPU
		{C492A953-69CB-4BAC-9FCF-D925DD447CD3}.Release|Any CPU.ActiveCfg = Release|Any CPU
		{C492A953-69CB-4BAC-9FCF-D925DD447CD3}.Release|Any CPU.Build.0 = Release|Any CPU
		{1C53A478-61E7-4DCF-BD5C-CBE37A5FBFBC}.Debug|Any CPU.ActiveCfg = Debug|Any CPU
		{1C53A478-61E7-4DCF-BD5C-CBE37A5FBFBC}.Debug|Any CPU.Build.0 = Debug|Any CPU
		{1C53A478-61E7-4DCF-BD5C-CBE37A5FBFBC}.Release|Any CPU.ActiveCfg = Release|Any CPU
		{1C53A478-61E7-4DCF-BD5C-CBE37A5FBFBC}.Release|Any CPU.Build.0 = Release|Any CPU
	EndGlobalSection
	GlobalSection(SolutionProperties) = preSolution
		HideSolutionNode = FALSE
	EndGlobalSection
	GlobalSection(ExtensibilityGlobals) = postSolution
		SolutionGuid = {2A389643-DC15-45C8-B6E6-5B445065D4D6}
	EndGlobalSection
EndGlobal
